// !$*UTF8*$!
{
	archiveVersion = 1;
	classes = {
	};
	objectVersion = 46;
	objects = {

/* Begin PBXBuildFile section */
		8232C99A1A6285FA00D48351 /* AppDelegate.swift in Sources */ = {isa = PBXBuildFile; fileRef = 8232C9991A6285FA00D48351 /* AppDelegate.swift */; };
		8232C99C1A6285FA00D48351 /* ViewController.swift in Sources */ = {isa = PBXBuildFile; fileRef = 8232C99B1A6285FA00D48351 /* ViewController.swift */; };
		8232C99F1A6285FA00D48351 /* Main.storyboard in Resources */ = {isa = PBXBuildFile; fileRef = 8232C99D1A6285FA00D48351 /* Main.storyboard */; };
		8232C9A11A6285FA00D48351 /* Images.xcassets in Resources */ = {isa = PBXBuildFile; fileRef = 8232C9A01A6285FA00D48351 /* Images.xcassets */; };
		8232C9A41A6285FA00D48351 /* LaunchScreen.xib in Resources */ = {isa = PBXBuildFile; fileRef = 8232C9A21A6285FA00D48351 /* LaunchScreen.xib */; };
		8232C9B01A6285FA00D48351 /* MorseKeyboardTests.swift in Sources */ = {isa = PBXBuildFile; fileRef = 8232C9AF1A6285FA00D48351 /* MorseKeyboardTests.swift */; };
		8232C9C21A628A3100D48351 /* KeyboardViewController.swift in Sources */ = {isa = PBXBuildFile; fileRef = 8232C9C11A628A3100D48351 /* KeyboardViewController.swift */; };
		8232C9C51A628A3100D48351 /* Keyboard.appex in Embed App Extensions */ = {isa = PBXBuildFile; fileRef = 8232C9BD1A628A3000D48351 /* Keyboard.appex */; settings = {ATTRIBUTES = (RemoveHeadersOnCopy, ); }; };
		826691091A6EB25600C24FF8 /* MCImageExtension.swift in Sources */ = {isa = PBXBuildFile; fileRef = 826691071A6EB25600C24FF8 /* MCImageExtension.swift */; };
		8266910A1A6EB25600C24FF8 /* MCImageExtension.swift in Sources */ = {isa = PBXBuildFile; fileRef = 826691071A6EB25600C24FF8 /* MCImageExtension.swift */; };
		82F82A2F1A714F1700F15D57 /* MCStringExtension.swift in Sources */ = {isa = PBXBuildFile; fileRef = 82F82A2E1A714F1700F15D57 /* MCStringExtension.swift */; };
		82F82A301A714F1700F15D57 /* MCStringExtension.swift in Sources */ = {isa = PBXBuildFile; fileRef = 82F82A2E1A714F1700F15D57 /* MCStringExtension.swift */; };
		C0197CA51A9D9D6900762EDF /* Images.xcassets in Resources */ = {isa = PBXBuildFile; fileRef = 8232C9A01A6285FA00D48351 /* Images.xcassets */; };
		C0197CDC1A9DC3B000762EDF /* MorseListViewController.swift in Sources */ = {isa = PBXBuildFile; fileRef = C0197CDB1A9DC3B000762EDF /* MorseListViewController.swift */; };
		C0197CE21A9DCB4600762EDF /* MorseManager.swift in Sources */ = {isa = PBXBuildFile; fileRef = C0197CE11A9DCB4600762EDF /* MorseManager.swift */; };
		C0EA10EA1A63AC6800087E3C /* KeyboardViewController.swift in Sources */ = {isa = PBXBuildFile; fileRef = 8232C9C11A628A3100D48351 /* KeyboardViewController.swift */; };
		C0F393531A9EBDC6008B20B1 /* CharToMorse.plist in Resources */ = {isa = PBXBuildFile; fileRef = C0F393191A9EBDC6008B20B1 /* CharToMorse.plist */; };
		C0F393541A9EBDC6008B20B1 /* CharToSound.plist in Resources */ = {isa = PBXBuildFile; fileRef = C0F3931A1A9EBDC6008B20B1 /* CharToSound.plist */; };
		C0F393551A9EBDC6008B20B1 /* MorseToChar.plist in Resources */ = {isa = PBXBuildFile; fileRef = C0F3931B1A9EBDC6008B20B1 /* MorseToChar.plist */; };
		C0F393561A9EBDC6008B20B1 /* Morse_Code_-_0.mp3 in Resources */ = {isa = PBXBuildFile; fileRef = C0F3931D1A9EBDC6008B20B1 /* Morse_Code_-_0.mp3 */; };
		C0F393571A9EBDC6008B20B1 /* Morse_Code_-_1.mp3 in Resources */ = {isa = PBXBuildFile; fileRef = C0F3931E1A9EBDC6008B20B1 /* Morse_Code_-_1.mp3 */; };
		C0F393581A9EBDC6008B20B1 /* Morse_Code_-_2.mp3 in Resources */ = {isa = PBXBuildFile; fileRef = C0F3931F1A9EBDC6008B20B1 /* Morse_Code_-_2.mp3 */; };
		C0F393591A9EBDC6008B20B1 /* Morse_Code_-_3.mp3 in Resources */ = {isa = PBXBuildFile; fileRef = C0F393201A9EBDC6008B20B1 /* Morse_Code_-_3.mp3 */; };
		C0F3935A1A9EBDC6008B20B1 /* Morse_Code_-_4.mp3 in Resources */ = {isa = PBXBuildFile; fileRef = C0F393211A9EBDC6008B20B1 /* Morse_Code_-_4.mp3 */; };
		C0F3935B1A9EBDC6008B20B1 /* Morse_Code_-_5.mp3 in Resources */ = {isa = PBXBuildFile; fileRef = C0F393221A9EBDC6008B20B1 /* Morse_Code_-_5.mp3 */; };
		C0F3935C1A9EBDC6008B20B1 /* Morse_Code_-_6.mp3 in Resources */ = {isa = PBXBuildFile; fileRef = C0F393231A9EBDC6008B20B1 /* Morse_Code_-_6.mp3 */; };
		C0F3935D1A9EBDC6008B20B1 /* Morse_Code_-_7.mp3 in Resources */ = {isa = PBXBuildFile; fileRef = C0F393241A9EBDC6008B20B1 /* Morse_Code_-_7.mp3 */; };
		C0F3935E1A9EBDC6008B20B1 /* Morse_Code_-_8.mp3 in Resources */ = {isa = PBXBuildFile; fileRef = C0F393251A9EBDC6008B20B1 /* Morse_Code_-_8.mp3 */; };
		C0F3935F1A9EBDC6008B20B1 /* Morse_Code_-_9.mp3 in Resources */ = {isa = PBXBuildFile; fileRef = C0F393261A9EBDC6008B20B1 /* Morse_Code_-_9.mp3 */; };
		C0F393601A9EBDC6008B20B1 /* Morse_Code_-_a.mp3 in Resources */ = {isa = PBXBuildFile; fileRef = C0F393271A9EBDC6008B20B1 /* Morse_Code_-_a.mp3 */; };
		C0F393611A9EBDC6008B20B1 /* Morse_Code_-_Ampersand.mp3 in Resources */ = {isa = PBXBuildFile; fileRef = C0F393281A9EBDC6008B20B1 /* Morse_Code_-_Ampersand.mp3 */; };
		C0F393621A9EBDC6008B20B1 /* Morse_Code_-_Apostrope.mp3 in Resources */ = {isa = PBXBuildFile; fileRef = C0F393291A9EBDC6008B20B1 /* Morse_Code_-_Apostrope.mp3 */; };
		C0F393631A9EBDC6008B20B1 /* Morse_Code_-_At_(Commercial_At).mp3 in Resources */ = {isa = PBXBuildFile; fileRef = C0F3932A1A9EBDC6008B20B1 /* Morse_Code_-_At_(Commercial_At).mp3 */; };
		C0F393641A9EBDC6008B20B1 /* Morse_Code_-_b.mp3 in Resources */ = {isa = PBXBuildFile; fileRef = C0F3932B1A9EBDC6008B20B1 /* Morse_Code_-_b.mp3 */; };
		C0F393651A9EBDC6008B20B1 /* Morse_Code_-_c.mp3 in Resources */ = {isa = PBXBuildFile; fileRef = C0F3932C1A9EBDC6008B20B1 /* Morse_Code_-_c.mp3 */; };
		C0F393661A9EBDC6008B20B1 /* Morse_Code_-_Colon.mp3 in Resources */ = {isa = PBXBuildFile; fileRef = C0F3932D1A9EBDC6008B20B1 /* Morse_Code_-_Colon.mp3 */; };
		C0F393671A9EBDC6008B20B1 /* Morse_Code_-_Comma.mp3 in Resources */ = {isa = PBXBuildFile; fileRef = C0F3932E1A9EBDC6008B20B1 /* Morse_Code_-_Comma.mp3 */; };
		C0F393681A9EBDC6008B20B1 /* Morse_Code_-_d.mp3 in Resources */ = {isa = PBXBuildFile; fileRef = C0F3932F1A9EBDC6008B20B1 /* Morse_Code_-_d.mp3 */; };
		C0F393691A9EBDC6008B20B1 /* Morse_Code_-_Dollar_Sign.mp3 in Resources */ = {isa = PBXBuildFile; fileRef = C0F393301A9EBDC6008B20B1 /* Morse_Code_-_Dollar_Sign.mp3 */; };
		C0F3936A1A9EBDC6008B20B1 /* Morse_Code_-_e.mp3 in Resources */ = {isa = PBXBuildFile; fileRef = C0F393311A9EBDC6008B20B1 /* Morse_Code_-_e.mp3 */; };
		C0F3936B1A9EBDC6008B20B1 /* Morse_Code_-_Equals.mp3 in Resources */ = {isa = PBXBuildFile; fileRef = C0F393321A9EBDC6008B20B1 /* Morse_Code_-_Equals.mp3 */; };
		C0F3936C1A9EBDC6008B20B1 /* Morse_Code_-_Exclamation_Point.mp3 in Resources */ = {isa = PBXBuildFile; fileRef = C0F393331A9EBDC6008B20B1 /* Morse_Code_-_Exclamation_Point.mp3 */; };
		C0F3936D1A9EBDC6008B20B1 /* Morse_Code_-_f.mp3 in Resources */ = {isa = PBXBuildFile; fileRef = C0F393341A9EBDC6008B20B1 /* Morse_Code_-_f.mp3 */; };
		C0F3936E1A9EBDC6008B20B1 /* Morse_Code_-_g.mp3 in Resources */ = {isa = PBXBuildFile; fileRef = C0F393351A9EBDC6008B20B1 /* Morse_Code_-_g.mp3 */; };
		C0F3936F1A9EBDC6008B20B1 /* Morse_Code_-_h.mp3 in Resources */ = {isa = PBXBuildFile; fileRef = C0F393361A9EBDC6008B20B1 /* Morse_Code_-_h.mp3 */; };
		C0F393701A9EBDC6008B20B1 /* Morse_Code_-_Hyphen,_Minus.mp3 in Resources */ = {isa = PBXBuildFile; fileRef = C0F393371A9EBDC6008B20B1 /* Morse_Code_-_Hyphen,_Minus.mp3 */; };
		C0F393711A9EBDC6008B20B1 /* Morse_Code_-_i.mp3 in Resources */ = {isa = PBXBuildFile; fileRef = C0F393381A9EBDC6008B20B1 /* Morse_Code_-_i.mp3 */; };
		C0F393721A9EBDC6008B20B1 /* Morse_Code_-_j.mp3 in Resources */ = {isa = PBXBuildFile; fileRef = C0F393391A9EBDC6008B20B1 /* Morse_Code_-_j.mp3 */; };
		C0F393731A9EBDC6008B20B1 /* Morse_Code_-_k.mp3 in Resources */ = {isa = PBXBuildFile; fileRef = C0F3933A1A9EBDC6008B20B1 /* Morse_Code_-_k.mp3 */; };
		C0F393741A9EBDC6008B20B1 /* Morse_Code_-_l.mp3 in Resources */ = {isa = PBXBuildFile; fileRef = C0F3933B1A9EBDC6008B20B1 /* Morse_Code_-_l.mp3 */; };
		C0F393751A9EBDC6008B20B1 /* Morse_Code_-_m.mp3 in Resources */ = {isa = PBXBuildFile; fileRef = C0F3933C1A9EBDC6008B20B1 /* Morse_Code_-_m.mp3 */; };
		C0F393761A9EBDC6008B20B1 /* Morse_Code_-_n.mp3 in Resources */ = {isa = PBXBuildFile; fileRef = C0F3933D1A9EBDC6008B20B1 /* Morse_Code_-_n.mp3 */; };
		C0F393771A9EBDC6008B20B1 /* Morse_Code_-_o.mp3 in Resources */ = {isa = PBXBuildFile; fileRef = C0F3933E1A9EBDC6008B20B1 /* Morse_Code_-_o.mp3 */; };
		C0F393781A9EBDC6008B20B1 /* Morse_Code_-_p.mp3 in Resources */ = {isa = PBXBuildFile; fileRef = C0F3933F1A9EBDC6008B20B1 /* Morse_Code_-_p.mp3 */; };
		C0F393791A9EBDC6008B20B1 /* Morse_Code_-_Parenthesis_(Close).mp3 in Resources */ = {isa = PBXBuildFile; fileRef = C0F393401A9EBDC6008B20B1 /* Morse_Code_-_Parenthesis_(Close).mp3 */; };
		C0F3937A1A9EBDC6008B20B1 /* Morse_Code_-_Parenthesis_(Open).mp3 in Resources */ = {isa = PBXBuildFile; fileRef = C0F393411A9EBDC6008B20B1 /* Morse_Code_-_Parenthesis_(Open).mp3 */; };
		C0F3937B1A9EBDC6008B20B1 /* Morse_Code_-_Period.mp3 in Resources */ = {isa = PBXBuildFile; fileRef = C0F393421A9EBDC6008B20B1 /* Morse_Code_-_Period.mp3 */; };
		C0F3937C1A9EBDC6008B20B1 /* Morse_Code_-_Plus.mp3 in Resources */ = {isa = PBXBuildFile; fileRef = C0F393431A9EBDC6008B20B1 /* Morse_Code_-_Plus.mp3 */; };
		C0F3937D1A9EBDC6008B20B1 /* Morse_Code_-_q.mp3 in Resources */ = {isa = PBXBuildFile; fileRef = C0F393441A9EBDC6008B20B1 /* Morse_Code_-_q.mp3 */; };
		C0F3937E1A9EBDC6008B20B1 /* Morse_Code_-_Question_Mark.mp3 in Resources */ = {isa = PBXBuildFile; fileRef = C0F393451A9EBDC6008B20B1 /* Morse_Code_-_Question_Mark.mp3 */; };
		C0F3937F1A9EBDC6008B20B1 /* Morse_Code_-_Quotation_Mark.mp3 in Resources */ = {isa = PBXBuildFile; fileRef = C0F393461A9EBDC6008B20B1 /* Morse_Code_-_Quotation_Mark.mp3 */; };
		C0F393801A9EBDC6008B20B1 /* Morse_Code_-_r.mp3 in Resources */ = {isa = PBXBuildFile; fileRef = C0F393471A9EBDC6008B20B1 /* Morse_Code_-_r.mp3 */; };
		C0F393811A9EBDC6008B20B1 /* Morse_Code_-_s.mp3 in Resources */ = {isa = PBXBuildFile; fileRef = C0F393481A9EBDC6008B20B1 /* Morse_Code_-_s.mp3 */; };
		C0F393821A9EBDC6008B20B1 /* Morse_Code_-_Semicolon.mp3 in Resources */ = {isa = PBXBuildFile; fileRef = C0F393491A9EBDC6008B20B1 /* Morse_Code_-_Semicolon.mp3 */; };
		C0F393831A9EBDC6008B20B1 /* Morse_Code_-_Slash.mp3 in Resources */ = {isa = PBXBuildFile; fileRef = C0F3934A1A9EBDC6008B20B1 /* Morse_Code_-_Slash.mp3 */; };
		C0F393841A9EBDC6008B20B1 /* Morse_Code_-_t.mp3 in Resources */ = {isa = PBXBuildFile; fileRef = C0F3934B1A9EBDC6008B20B1 /* Morse_Code_-_t.mp3 */; };
		C0F393851A9EBDC6008B20B1 /* Morse_Code_-_u.mp3 in Resources */ = {isa = PBXBuildFile; fileRef = C0F3934C1A9EBDC6008B20B1 /* Morse_Code_-_u.mp3 */; };
		C0F393861A9EBDC6008B20B1 /* Morse_Code_-_Underscore.mp3 in Resources */ = {isa = PBXBuildFile; fileRef = C0F3934D1A9EBDC6008B20B1 /* Morse_Code_-_Underscore.mp3 */; };
		C0F393871A9EBDC6008B20B1 /* Morse_Code_-_v.mp3 in Resources */ = {isa = PBXBuildFile; fileRef = C0F3934E1A9EBDC6008B20B1 /* Morse_Code_-_v.mp3 */; };
		C0F393881A9EBDC6008B20B1 /* Morse_Code_-_w.mp3 in Resources */ = {isa = PBXBuildFile; fileRef = C0F3934F1A9EBDC6008B20B1 /* Morse_Code_-_w.mp3 */; };
		C0F393891A9EBDC6008B20B1 /* Morse_Code_-_x.mp3 in Resources */ = {isa = PBXBuildFile; fileRef = C0F393501A9EBDC6008B20B1 /* Morse_Code_-_x.mp3 */; };
		C0F3938A1A9EBDC6008B20B1 /* Morse_Code_-_y.mp3 in Resources */ = {isa = PBXBuildFile; fileRef = C0F393511A9EBDC6008B20B1 /* Morse_Code_-_y.mp3 */; };
		C0F3938B1A9EBDC6008B20B1 /* Morse_Code_-_z.mp3 in Resources */ = {isa = PBXBuildFile; fileRef = C0F393521A9EBDC6008B20B1 /* Morse_Code_-_z.mp3 */; };
		C0F3938C1A9EC1E9008B20B1 /* MorseManager.swift in Sources */ = {isa = PBXBuildFile; fileRef = C0197CE11A9DCB4600762EDF /* MorseManager.swift */; };
		C0F3938E1A9EC259008B20B1 /* CharArray.plist in Resources */ = {isa = PBXBuildFile; fileRef = C0F3938D1A9EC259008B20B1 /* CharArray.plist */; };
		C0F3938F1A9EC392008B20B1 /* CharArray.plist in Resources */ = {isa = PBXBuildFile; fileRef = C0F3938D1A9EC259008B20B1 /* CharArray.plist */; };
		C0F393901A9EC394008B20B1 /* CharToMorse.plist in Resources */ = {isa = PBXBuildFile; fileRef = C0F393191A9EBDC6008B20B1 /* CharToMorse.plist */; };
		C0F393911A9EC396008B20B1 /* CharToSound.plist in Resources */ = {isa = PBXBuildFile; fileRef = C0F3931A1A9EBDC6008B20B1 /* CharToSound.plist */; };
		C0F393921A9EC398008B20B1 /* MorseToChar.plist in Resources */ = {isa = PBXBuildFile; fileRef = C0F3931B1A9EBDC6008B20B1 /* MorseToChar.plist */; };
		C0F393961A9EED66008B20B1 /* MorseListCell.swift in Sources */ = {isa = PBXBuildFile; fileRef = C0F393941A9EED66008B20B1 /* MorseListCell.swift */; };
		C0F393971A9EED66008B20B1 /* MorseListCell.xib in Resources */ = {isa = PBXBuildFile; fileRef = C0F393951A9EED66008B20B1 /* MorseListCell.xib */; };
/* End PBXBuildFile section */

/* Begin PBXContainerItemProxy section */
		8232C9AA1A6285FA00D48351 /* PBXContainerItemProxy */ = {
			isa = PBXContainerItemProxy;
			containerPortal = 8232C98C1A6285FA00D48351 /* Project object */;
			proxyType = 1;
			remoteGlobalIDString = 8232C9931A6285FA00D48351;
			remoteInfo = MorseKeyboard;
		};
		8232C9C31A628A3100D48351 /* PBXContainerItemProxy */ = {
			isa = PBXContainerItemProxy;
			containerPortal = 8232C98C1A6285FA00D48351 /* Project object */;
			proxyType = 1;
			remoteGlobalIDString = 8232C9BC1A628A3000D48351;
			remoteInfo = Keyboard;
		};
/* End PBXContainerItemProxy section */

/* Begin PBXCopyFilesBuildPhase section */
		8232C9C91A628A3100D48351 /* Embed App Extensions */ = {
			isa = PBXCopyFilesBuildPhase;
			buildActionMask = 2147483647;
			dstPath = "";
			dstSubfolderSpec = 13;
			files = (
				8232C9C51A628A3100D48351 /* Keyboard.appex in Embed App Extensions */,
			);
			name = "Embed App Extensions";
			runOnlyForDeploymentPostprocessing = 0;
		};
/* End PBXCopyFilesBuildPhase section */

/* Begin PBXFileReference section */
		8232C9941A6285FA00D48351 /* MorseKeyboard.app */ = {isa = PBXFileReference; explicitFileType = wrapper.application; includeInIndex = 0; path = MorseKeyboard.app; sourceTree = BUILT_PRODUCTS_DIR; };
		8232C9981A6285FA00D48351 /* Info.plist */ = {isa = PBXFileReference; lastKnownFileType = text.plist.xml; path = Info.plist; sourceTree = "<group>"; };
		8232C9991A6285FA00D48351 /* AppDelegate.swift */ = {isa = PBXFileReference; lastKnownFileType = sourcecode.swift; path = AppDelegate.swift; sourceTree = "<group>"; };
		8232C99B1A6285FA00D48351 /* ViewController.swift */ = {isa = PBXFileReference; lastKnownFileType = sourcecode.swift; path = ViewController.swift; sourceTree = "<group>"; };
		8232C99E1A6285FA00D48351 /* Base */ = {isa = PBXFileReference; lastKnownFileType = file.storyboard; name = Base; path = Base.lproj/Main.storyboard; sourceTree = "<group>"; };
		8232C9A01A6285FA00D48351 /* Images.xcassets */ = {isa = PBXFileReference; lastKnownFileType = folder.assetcatalog; path = Images.xcassets; sourceTree = "<group>"; };
		8232C9A31A6285FA00D48351 /* Base */ = {isa = PBXFileReference; lastKnownFileType = file.xib; name = Base; path = Base.lproj/LaunchScreen.xib; sourceTree = "<group>"; };
		8232C9A91A6285FA00D48351 /* MorseKeyboardTests.xctest */ = {isa = PBXFileReference; explicitFileType = wrapper.cfbundle; includeInIndex = 0; path = MorseKeyboardTests.xctest; sourceTree = BUILT_PRODUCTS_DIR; };
		8232C9AE1A6285FA00D48351 /* Info.plist */ = {isa = PBXFileReference; lastKnownFileType = text.plist.xml; path = Info.plist; sourceTree = "<group>"; };
		8232C9AF1A6285FA00D48351 /* MorseKeyboardTests.swift */ = {isa = PBXFileReference; lastKnownFileType = sourcecode.swift; path = MorseKeyboardTests.swift; sourceTree = "<group>"; };
		8232C9BD1A628A3000D48351 /* Keyboard.appex */ = {isa = PBXFileReference; explicitFileType = "wrapper.app-extension"; includeInIndex = 0; path = Keyboard.appex; sourceTree = BUILT_PRODUCTS_DIR; };
		8232C9C01A628A3100D48351 /* Info.plist */ = {isa = PBXFileReference; lastKnownFileType = text.plist.xml; path = Info.plist; sourceTree = "<group>"; };
		8232C9C11A628A3100D48351 /* KeyboardViewController.swift */ = {isa = PBXFileReference; lastKnownFileType = sourcecode.swift; path = KeyboardViewController.swift; sourceTree = "<group>"; };
		826691071A6EB25600C24FF8 /* MCImageExtension.swift */ = {isa = PBXFileReference; fileEncoding = 4; lastKnownFileType = sourcecode.swift; path = MCImageExtension.swift; sourceTree = "<group>"; };
		82F82A2E1A714F1700F15D57 /* MCStringExtension.swift */ = {isa = PBXFileReference; fileEncoding = 4; lastKnownFileType = sourcecode.swift; path = MCStringExtension.swift; sourceTree = "<group>"; };
		C0197CDB1A9DC3B000762EDF /* MorseListViewController.swift */ = {isa = PBXFileReference; fileEncoding = 4; lastKnownFileType = sourcecode.swift; path = MorseListViewController.swift; sourceTree = "<group>"; };
		C0197CE11A9DCB4600762EDF /* MorseManager.swift */ = {isa = PBXFileReference; fileEncoding = 4; lastKnownFileType = sourcecode.swift; path = MorseManager.swift; sourceTree = "<group>"; };
		C0F393191A9EBDC6008B20B1 /* CharToMorse.plist */ = {isa = PBXFileReference; fileEncoding = 4; lastKnownFileType = text.plist.xml; path = CharToMorse.plist; sourceTree = "<group>"; };
		C0F3931A1A9EBDC6008B20B1 /* CharToSound.plist */ = {isa = PBXFileReference; fileEncoding = 4; lastKnownFileType = text.plist.xml; path = CharToSound.plist; sourceTree = "<group>"; };
		C0F3931B1A9EBDC6008B20B1 /* MorseToChar.plist */ = {isa = PBXFileReference; fileEncoding = 4; lastKnownFileType = text.plist.xml; path = MorseToChar.plist; sourceTree = "<group>"; };
		C0F3931D1A9EBDC6008B20B1 /* Morse_Code_-_0.mp3 */ = {isa = PBXFileReference; lastKnownFileType = audio.mp3; path = "Morse_Code_-_0.mp3"; sourceTree = "<group>"; };
		C0F3931E1A9EBDC6008B20B1 /* Morse_Code_-_1.mp3 */ = {isa = PBXFileReference; lastKnownFileType = audio.mp3; path = "Morse_Code_-_1.mp3"; sourceTree = "<group>"; };
		C0F3931F1A9EBDC6008B20B1 /* Morse_Code_-_2.mp3 */ = {isa = PBXFileReference; lastKnownFileType = audio.mp3; path = "Morse_Code_-_2.mp3"; sourceTree = "<group>"; };
		C0F393201A9EBDC6008B20B1 /* Morse_Code_-_3.mp3 */ = {isa = PBXFileReference; lastKnownFileType = audio.mp3; path = "Morse_Code_-_3.mp3"; sourceTree = "<group>"; };
		C0F393211A9EBDC6008B20B1 /* Morse_Code_-_4.mp3 */ = {isa = PBXFileReference; lastKnownFileType = audio.mp3; path = "Morse_Code_-_4.mp3"; sourceTree = "<group>"; };
		C0F393221A9EBDC6008B20B1 /* Morse_Code_-_5.mp3 */ = {isa = PBXFileReference; lastKnownFileType = audio.mp3; path = "Morse_Code_-_5.mp3"; sourceTree = "<group>"; };
		C0F393231A9EBDC6008B20B1 /* Morse_Code_-_6.mp3 */ = {isa = PBXFileReference; lastKnownFileType = audio.mp3; path = "Morse_Code_-_6.mp3"; sourceTree = "<group>"; };
		C0F393241A9EBDC6008B20B1 /* Morse_Code_-_7.mp3 */ = {isa = PBXFileReference; lastKnownFileType = audio.mp3; path = "Morse_Code_-_7.mp3"; sourceTree = "<group>"; };
		C0F393251A9EBDC6008B20B1 /* Morse_Code_-_8.mp3 */ = {isa = PBXFileReference; lastKnownFileType = audio.mp3; path = "Morse_Code_-_8.mp3"; sourceTree = "<group>"; };
		C0F393261A9EBDC6008B20B1 /* Morse_Code_-_9.mp3 */ = {isa = PBXFileReference; lastKnownFileType = audio.mp3; path = "Morse_Code_-_9.mp3"; sourceTree = "<group>"; };
		C0F393271A9EBDC6008B20B1 /* Morse_Code_-_a.mp3 */ = {isa = PBXFileReference; lastKnownFileType = audio.mp3; path = "Morse_Code_-_a.mp3"; sourceTree = "<group>"; };
		C0F393281A9EBDC6008B20B1 /* Morse_Code_-_Ampersand.mp3 */ = {isa = PBXFileReference; lastKnownFileType = audio.mp3; path = "Morse_Code_-_Ampersand.mp3"; sourceTree = "<group>"; };
		C0F393291A9EBDC6008B20B1 /* Morse_Code_-_Apostrope.mp3 */ = {isa = PBXFileReference; lastKnownFileType = audio.mp3; path = "Morse_Code_-_Apostrope.mp3"; sourceTree = "<group>"; };
		C0F3932A1A9EBDC6008B20B1 /* Morse_Code_-_At_(Commercial_At).mp3 */ = {isa = PBXFileReference; lastKnownFileType = audio.mp3; path = "Morse_Code_-_At_(Commercial_At).mp3"; sourceTree = "<group>"; };
		C0F3932B1A9EBDC6008B20B1 /* Morse_Code_-_b.mp3 */ = {isa = PBXFileReference; lastKnownFileType = audio.mp3; path = "Morse_Code_-_b.mp3"; sourceTree = "<group>"; };
		C0F3932C1A9EBDC6008B20B1 /* Morse_Code_-_c.mp3 */ = {isa = PBXFileReference; lastKnownFileType = audio.mp3; path = "Morse_Code_-_c.mp3"; sourceTree = "<group>"; };
		C0F3932D1A9EBDC6008B20B1 /* Morse_Code_-_Colon.mp3 */ = {isa = PBXFileReference; lastKnownFileType = audio.mp3; path = "Morse_Code_-_Colon.mp3"; sourceTree = "<group>"; };
		C0F3932E1A9EBDC6008B20B1 /* Morse_Code_-_Comma.mp3 */ = {isa = PBXFileReference; lastKnownFileType = audio.mp3; path = "Morse_Code_-_Comma.mp3"; sourceTree = "<group>"; };
		C0F3932F1A9EBDC6008B20B1 /* Morse_Code_-_d.mp3 */ = {isa = PBXFileReference; lastKnownFileType = audio.mp3; path = "Morse_Code_-_d.mp3"; sourceTree = "<group>"; };
		C0F393301A9EBDC6008B20B1 /* Morse_Code_-_Dollar_Sign.mp3 */ = {isa = PBXFileReference; lastKnownFileType = audio.mp3; path = "Morse_Code_-_Dollar_Sign.mp3"; sourceTree = "<group>"; };
		C0F393311A9EBDC6008B20B1 /* Morse_Code_-_e.mp3 */ = {isa = PBXFileReference; lastKnownFileType = audio.mp3; path = "Morse_Code_-_e.mp3"; sourceTree = "<group>"; };
		C0F393321A9EBDC6008B20B1 /* Morse_Code_-_Equals.mp3 */ = {isa = PBXFileReference; lastKnownFileType = audio.mp3; path = "Morse_Code_-_Equals.mp3"; sourceTree = "<group>"; };
		C0F393331A9EBDC6008B20B1 /* Morse_Code_-_Exclamation_Point.mp3 */ = {isa = PBXFileReference; lastKnownFileType = audio.mp3; path = "Morse_Code_-_Exclamation_Point.mp3"; sourceTree = "<group>"; };
		C0F393341A9EBDC6008B20B1 /* Morse_Code_-_f.mp3 */ = {isa = PBXFileReference; lastKnownFileType = audio.mp3; path = "Morse_Code_-_f.mp3"; sourceTree = "<group>"; };
		C0F393351A9EBDC6008B20B1 /* Morse_Code_-_g.mp3 */ = {isa = PBXFileReference; lastKnownFileType = audio.mp3; path = "Morse_Code_-_g.mp3"; sourceTree = "<group>"; };
		C0F393361A9EBDC6008B20B1 /* Morse_Code_-_h.mp3 */ = {isa = PBXFileReference; lastKnownFileType = audio.mp3; path = "Morse_Code_-_h.mp3"; sourceTree = "<group>"; };
		C0F393371A9EBDC6008B20B1 /* Morse_Code_-_Hyphen,_Minus.mp3 */ = {isa = PBXFileReference; lastKnownFileType = audio.mp3; path = "Morse_Code_-_Hyphen,_Minus.mp3"; sourceTree = "<group>"; };
		C0F393381A9EBDC6008B20B1 /* Morse_Code_-_i.mp3 */ = {isa = PBXFileReference; lastKnownFileType = audio.mp3; path = "Morse_Code_-_i.mp3"; sourceTree = "<group>"; };
		C0F393391A9EBDC6008B20B1 /* Morse_Code_-_j.mp3 */ = {isa = PBXFileReference; lastKnownFileType = audio.mp3; path = "Morse_Code_-_j.mp3"; sourceTree = "<group>"; };
		C0F3933A1A9EBDC6008B20B1 /* Morse_Code_-_k.mp3 */ = {isa = PBXFileReference; lastKnownFileType = audio.mp3; path = "Morse_Code_-_k.mp3"; sourceTree = "<group>"; };
		C0F3933B1A9EBDC6008B20B1 /* Morse_Code_-_l.mp3 */ = {isa = PBXFileReference; lastKnownFileType = audio.mp3; path = "Morse_Code_-_l.mp3"; sourceTree = "<group>"; };
		C0F3933C1A9EBDC6008B20B1 /* Morse_Code_-_m.mp3 */ = {isa = PBXFileReference; lastKnownFileType = audio.mp3; path = "Morse_Code_-_m.mp3"; sourceTree = "<group>"; };
		C0F3933D1A9EBDC6008B20B1 /* Morse_Code_-_n.mp3 */ = {isa = PBXFileReference; lastKnownFileType = audio.mp3; path = "Morse_Code_-_n.mp3"; sourceTree = "<group>"; };
		C0F3933E1A9EBDC6008B20B1 /* Morse_Code_-_o.mp3 */ = {isa = PBXFileReference; lastKnownFileType = audio.mp3; path = "Morse_Code_-_o.mp3"; sourceTree = "<group>"; };
		C0F3933F1A9EBDC6008B20B1 /* Morse_Code_-_p.mp3 */ = {isa = PBXFileReference; lastKnownFileType = audio.mp3; path = "Morse_Code_-_p.mp3"; sourceTree = "<group>"; };
		C0F393401A9EBDC6008B20B1 /* Morse_Code_-_Parenthesis_(Close).mp3 */ = {isa = PBXFileReference; lastKnownFileType = audio.mp3; path = "Morse_Code_-_Parenthesis_(Close).mp3"; sourceTree = "<group>"; };
		C0F393411A9EBDC6008B20B1 /* Morse_Code_-_Parenthesis_(Open).mp3 */ = {isa = PBXFileReference; lastKnownFileType = audio.mp3; path = "Morse_Code_-_Parenthesis_(Open).mp3"; sourceTree = "<group>"; };
		C0F393421A9EBDC6008B20B1 /* Morse_Code_-_Period.mp3 */ = {isa = PBXFileReference; lastKnownFileType = audio.mp3; path = "Morse_Code_-_Period.mp3"; sourceTree = "<group>"; };
		C0F393431A9EBDC6008B20B1 /* Morse_Code_-_Plus.mp3 */ = {isa = PBXFileReference; lastKnownFileType = audio.mp3; path = "Morse_Code_-_Plus.mp3"; sourceTree = "<group>"; };
		C0F393441A9EBDC6008B20B1 /* Morse_Code_-_q.mp3 */ = {isa = PBXFileReference; lastKnownFileType = audio.mp3; path = "Morse_Code_-_q.mp3"; sourceTree = "<group>"; };
		C0F393451A9EBDC6008B20B1 /* Morse_Code_-_Question_Mark.mp3 */ = {isa = PBXFileReference; lastKnownFileType = audio.mp3; path = "Morse_Code_-_Question_Mark.mp3"; sourceTree = "<group>"; };
		C0F393461A9EBDC6008B20B1 /* Morse_Code_-_Quotation_Mark.mp3 */ = {isa = PBXFileReference; lastKnownFileType = audio.mp3; path = "Morse_Code_-_Quotation_Mark.mp3"; sourceTree = "<group>"; };
		C0F393471A9EBDC6008B20B1 /* Morse_Code_-_r.mp3 */ = {isa = PBXFileReference; lastKnownFileType = audio.mp3; path = "Morse_Code_-_r.mp3"; sourceTree = "<group>"; };
		C0F393481A9EBDC6008B20B1 /* Morse_Code_-_s.mp3 */ = {isa = PBXFileReference; lastKnownFileType = audio.mp3; path = "Morse_Code_-_s.mp3"; sourceTree = "<group>"; };
		C0F393491A9EBDC6008B20B1 /* Morse_Code_-_Semicolon.mp3 */ = {isa = PBXFileReference; lastKnownFileType = audio.mp3; path = "Morse_Code_-_Semicolon.mp3"; sourceTree = "<group>"; };
		C0F3934A1A9EBDC6008B20B1 /* Morse_Code_-_Slash.mp3 */ = {isa = PBXFileReference; lastKnownFileType = audio.mp3; path = "Morse_Code_-_Slash.mp3"; sourceTree = "<group>"; };
		C0F3934B1A9EBDC6008B20B1 /* Morse_Code_-_t.mp3 */ = {isa = PBXFileReference; lastKnownFileType = audio.mp3; path = "Morse_Code_-_t.mp3"; sourceTree = "<group>"; };
		C0F3934C1A9EBDC6008B20B1 /* Morse_Code_-_u.mp3 */ = {isa = PBXFileReference; lastKnownFileType = audio.mp3; path = "Morse_Code_-_u.mp3"; sourceTree = "<group>"; };
		C0F3934D1A9EBDC6008B20B1 /* Morse_Code_-_Underscore.mp3 */ = {isa = PBXFileReference; lastKnownFileType = audio.mp3; path = "Morse_Code_-_Underscore.mp3"; sourceTree = "<group>"; };
		C0F3934E1A9EBDC6008B20B1 /* Morse_Code_-_v.mp3 */ = {isa = PBXFileReference; lastKnownFileType = audio.mp3; path = "Morse_Code_-_v.mp3"; sourceTree = "<group>"; };
		C0F3934F1A9EBDC6008B20B1 /* Morse_Code_-_w.mp3 */ = {isa = PBXFileReference; lastKnownFileType = audio.mp3; path = "Morse_Code_-_w.mp3"; sourceTree = "<group>"; };
		C0F393501A9EBDC6008B20B1 /* Morse_Code_-_x.mp3 */ = {isa = PBXFileReference; lastKnownFileType = audio.mp3; path = "Morse_Code_-_x.mp3"; sourceTree = "<group>"; };
		C0F393511A9EBDC6008B20B1 /* Morse_Code_-_y.mp3 */ = {isa = PBXFileReference; lastKnownFileType = audio.mp3; path = "Morse_Code_-_y.mp3"; sourceTree = "<group>"; };
		C0F393521A9EBDC6008B20B1 /* Morse_Code_-_z.mp3 */ = {isa = PBXFileReference; lastKnownFileType = audio.mp3; path = "Morse_Code_-_z.mp3"; sourceTree = "<group>"; };
		C0F3938D1A9EC259008B20B1 /* CharArray.plist */ = {isa = PBXFileReference; fileEncoding = 4; lastKnownFileType = text.plist.xml; path = CharArray.plist; sourceTree = "<group>"; };
		C0F393941A9EED66008B20B1 /* MorseListCell.swift */ = {isa = PBXFileReference; fileEncoding = 4; lastKnownFileType = sourcecode.swift; path = MorseListCell.swift; sourceTree = "<group>"; };
		C0F393951A9EED66008B20B1 /* MorseListCell.xib */ = {isa = PBXFileReference; fileEncoding = 4; lastKnownFileType = file.xib; path = MorseListCell.xib; sourceTree = "<group>"; };
/* End PBXFileReference section */

/* Begin PBXFrameworksBuildPhase section */
		8232C9911A6285FA00D48351 /* Frameworks */ = {
			isa = PBXFrameworksBuildPhase;
			buildActionMask = 2147483647;
			files = (
			);
			runOnlyForDeploymentPostprocessing = 0;
		};
		8232C9A61A6285FA00D48351 /* Frameworks */ = {
			isa = PBXFrameworksBuildPhase;
			buildActionMask = 2147483647;
			files = (
			);
			runOnlyForDeploymentPostprocessing = 0;
		};
		8232C9BA1A628A3000D48351 /* Frameworks */ = {
			isa = PBXFrameworksBuildPhase;
			buildActionMask = 2147483647;
			files = (
			);
			runOnlyForDeploymentPostprocessing = 0;
		};
/* End PBXFrameworksBuildPhase section */

/* Begin PBXGroup section */
		8232C98B1A6285FA00D48351 = {
			isa = PBXGroup;
			children = (
				C0F393171A9EBDC6008B20B1 /* Resources */,
				8232C9961A6285FA00D48351 /* MorseKeyboard */,
				8232C9AC1A6285FA00D48351 /* MorseKeyboardTests */,
				8232C9BE1A628A3100D48351 /* Keyboard */,
				C093A7531A9EB3E500EC9EA2 /* Frameworks */,
				8232C9951A6285FA00D48351 /* Products */,
			);
			sourceTree = "<group>";
		};
		8232C9951A6285FA00D48351 /* Products */ = {
			isa = PBXGroup;
			children = (
				8232C9941A6285FA00D48351 /* MorseKeyboard.app */,
				8232C9A91A6285FA00D48351 /* MorseKeyboardTests.xctest */,
				8232C9BD1A628A3000D48351 /* Keyboard.appex */,
			);
			name = Products;
			sourceTree = "<group>";
		};
		8232C9961A6285FA00D48351 /* MorseKeyboard */ = {
			isa = PBXGroup;
			children = (
				C0F393931A9EED52008B20B1 /* CellClass */,
				826691061A6EB25600C24FF8 /* MingleChang */,
				C0197CE11A9DCB4600762EDF /* MorseManager.swift */,
				8232C9991A6285FA00D48351 /* AppDelegate.swift */,
				C0197CDB1A9DC3B000762EDF /* MorseListViewController.swift */,
				8232C99B1A6285FA00D48351 /* ViewController.swift */,
				8232C99D1A6285FA00D48351 /* Main.storyboard */,
				8232C9A01A6285FA00D48351 /* Images.xcassets */,
				8232C9A21A6285FA00D48351 /* LaunchScreen.xib */,
				8232C9971A6285FA00D48351 /* Supporting Files */,
			);
			path = MorseKeyboard;
			sourceTree = "<group>";
		};
		8232C9971A6285FA00D48351 /* Supporting Files */ = {
			isa = PBXGroup;
			children = (
				8232C9981A6285FA00D48351 /* Info.plist */,
			);
			name = "Supporting Files";
			sourceTree = "<group>";
		};
		8232C9AC1A6285FA00D48351 /* MorseKeyboardTests */ = {
			isa = PBXGroup;
			children = (
				8232C9AF1A6285FA00D48351 /* MorseKeyboardTests.swift */,
				8232C9AD1A6285FA00D48351 /* Supporting Files */,
			);
			path = MorseKeyboardTests;
			sourceTree = "<group>";
		};
		8232C9AD1A6285FA00D48351 /* Supporting Files */ = {
			isa = PBXGroup;
			children = (
				8232C9AE1A6285FA00D48351 /* Info.plist */,
			);
			name = "Supporting Files";
			sourceTree = "<group>";
		};
		8232C9BE1A628A3100D48351 /* Keyboard */ = {
			isa = PBXGroup;
			children = (
				8232C9C11A628A3100D48351 /* KeyboardViewController.swift */,
				8232C9BF1A628A3100D48351 /* Supporting Files */,
			);
			path = Keyboard;
			sourceTree = "<group>";
		};
		8232C9BF1A628A3100D48351 /* Supporting Files */ = {
			isa = PBXGroup;
			children = (
				8232C9C01A628A3100D48351 /* Info.plist */,
			);
			name = "Supporting Files";
			sourceTree = "<group>";
		};
		826691061A6EB25600C24FF8 /* MingleChang */ = {
			isa = PBXGroup;
			children = (
				82F82A2E1A714F1700F15D57 /* MCStringExtension.swift */,
				826691071A6EB25600C24FF8 /* MCImageExtension.swift */,
			);
			path = MingleChang;
			sourceTree = "<group>";
		};
		C093A7531A9EB3E500EC9EA2 /* Frameworks */ = {
			isa = PBXGroup;
			children = (
			);
			name = Frameworks;
			sourceTree = "<group>";
		};
		C0F393171A9EBDC6008B20B1 /* Resources */ = {
			isa = PBXGroup;
			children = (
				C0F393181A9EBDC6008B20B1 /* Data */,
				C0F3931C1A9EBDC6008B20B1 /* Sound */,
			);
			path = Resources;
			sourceTree = "<group>";
		};
		C0F393181A9EBDC6008B20B1 /* Data */ = {
			isa = PBXGroup;
			children = (
				C0F3938D1A9EC259008B20B1 /* CharArray.plist */,
				C0F393191A9EBDC6008B20B1 /* CharToMorse.plist */,
				C0F3931A1A9EBDC6008B20B1 /* CharToSound.plist */,
				C0F3931B1A9EBDC6008B20B1 /* MorseToChar.plist */,
			);
			path = Data;
			sourceTree = "<group>";
		};
		C0F3931C1A9EBDC6008B20B1 /* Sound */ = {
			isa = PBXGroup;
			children = (
				C0F3931D1A9EBDC6008B20B1 /* Morse_Code_-_0.mp3 */,
				C0F3931E1A9EBDC6008B20B1 /* Morse_Code_-_1.mp3 */,
				C0F3931F1A9EBDC6008B20B1 /* Morse_Code_-_2.mp3 */,
				C0F393201A9EBDC6008B20B1 /* Morse_Code_-_3.mp3 */,
				C0F393211A9EBDC6008B20B1 /* Morse_Code_-_4.mp3 */,
				C0F393221A9EBDC6008B20B1 /* Morse_Code_-_5.mp3 */,
				C0F393231A9EBDC6008B20B1 /* Morse_Code_-_6.mp3 */,
				C0F393241A9EBDC6008B20B1 /* Morse_Code_-_7.mp3 */,
				C0F393251A9EBDC6008B20B1 /* Morse_Code_-_8.mp3 */,
				C0F393261A9EBDC6008B20B1 /* Morse_Code_-_9.mp3 */,
				C0F393271A9EBDC6008B20B1 /* Morse_Code_-_a.mp3 */,
				C0F393281A9EBDC6008B20B1 /* Morse_Code_-_Ampersand.mp3 */,
				C0F393291A9EBDC6008B20B1 /* Morse_Code_-_Apostrope.mp3 */,
				C0F3932A1A9EBDC6008B20B1 /* Morse_Code_-_At_(Commercial_At).mp3 */,
				C0F3932B1A9EBDC6008B20B1 /* Morse_Code_-_b.mp3 */,
				C0F3932C1A9EBDC6008B20B1 /* Morse_Code_-_c.mp3 */,
				C0F3932D1A9EBDC6008B20B1 /* Morse_Code_-_Colon.mp3 */,
				C0F3932E1A9EBDC6008B20B1 /* Morse_Code_-_Comma.mp3 */,
				C0F3932F1A9EBDC6008B20B1 /* Morse_Code_-_d.mp3 */,
				C0F393301A9EBDC6008B20B1 /* Morse_Code_-_Dollar_Sign.mp3 */,
				C0F393311A9EBDC6008B20B1 /* Morse_Code_-_e.mp3 */,
				C0F393321A9EBDC6008B20B1 /* Morse_Code_-_Equals.mp3 */,
				C0F393331A9EBDC6008B20B1 /* Morse_Code_-_Exclamation_Point.mp3 */,
				C0F393341A9EBDC6008B20B1 /* Morse_Code_-_f.mp3 */,
				C0F393351A9EBDC6008B20B1 /* Morse_Code_-_g.mp3 */,
				C0F393361A9EBDC6008B20B1 /* Morse_Code_-_h.mp3 */,
				C0F393371A9EBDC6008B20B1 /* Morse_Code_-_Hyphen,_Minus.mp3 */,
				C0F393381A9EBDC6008B20B1 /* Morse_Code_-_i.mp3 */,
				C0F393391A9EBDC6008B20B1 /* Morse_Code_-_j.mp3 */,
				C0F3933A1A9EBDC6008B20B1 /* Morse_Code_-_k.mp3 */,
				C0F3933B1A9EBDC6008B20B1 /* Morse_Code_-_l.mp3 */,
				C0F3933C1A9EBDC6008B20B1 /* Morse_Code_-_m.mp3 */,
				C0F3933D1A9EBDC6008B20B1 /* Morse_Code_-_n.mp3 */,
				C0F3933E1A9EBDC6008B20B1 /* Morse_Code_-_o.mp3 */,
				C0F3933F1A9EBDC6008B20B1 /* Morse_Code_-_p.mp3 */,
				C0F393401A9EBDC6008B20B1 /* Morse_Code_-_Parenthesis_(Close).mp3 */,
				C0F393411A9EBDC6008B20B1 /* Morse_Code_-_Parenthesis_(Open).mp3 */,
				C0F393421A9EBDC6008B20B1 /* Morse_Code_-_Period.mp3 */,
				C0F393431A9EBDC6008B20B1 /* Morse_Code_-_Plus.mp3 */,
				C0F393441A9EBDC6008B20B1 /* Morse_Code_-_q.mp3 */,
				C0F393451A9EBDC6008B20B1 /* Morse_Code_-_Question_Mark.mp3 */,
				C0F393461A9EBDC6008B20B1 /* Morse_Code_-_Quotation_Mark.mp3 */,
				C0F393471A9EBDC6008B20B1 /* Morse_Code_-_r.mp3 */,
				C0F393481A9EBDC6008B20B1 /* Morse_Code_-_s.mp3 */,
				C0F393491A9EBDC6008B20B1 /* Morse_Code_-_Semicolon.mp3 */,
				C0F3934A1A9EBDC6008B20B1 /* Morse_Code_-_Slash.mp3 */,
				C0F3934B1A9EBDC6008B20B1 /* Morse_Code_-_t.mp3 */,
				C0F3934C1A9EBDC6008B20B1 /* Morse_Code_-_u.mp3 */,
				C0F3934D1A9EBDC6008B20B1 /* Morse_Code_-_Underscore.mp3 */,
				C0F3934E1A9EBDC6008B20B1 /* Morse_Code_-_v.mp3 */,
				C0F3934F1A9EBDC6008B20B1 /* Morse_Code_-_w.mp3 */,
				C0F393501A9EBDC6008B20B1 /* Morse_Code_-_x.mp3 */,
				C0F393511A9EBDC6008B20B1 /* Morse_Code_-_y.mp3 */,
				C0F393521A9EBDC6008B20B1 /* Morse_Code_-_z.mp3 */,
			);
			path = Sound;
			sourceTree = "<group>";
		};
		C0F393931A9EED52008B20B1 /* CellClass */ = {
			isa = PBXGroup;
			children = (
				C0F393941A9EED66008B20B1 /* MorseListCell.swift */,
				C0F393951A9EED66008B20B1 /* MorseListCell.xib */,
			);
			path = CellClass;
			sourceTree = "<group>";
		};
/* End PBXGroup section */

/* Begin PBXNativeTarget section */
		8232C9931A6285FA00D48351 /* MorseKeyboard */ = {
			isa = PBXNativeTarget;
			buildConfigurationList = 8232C9B31A6285FA00D48351 /* Build configuration list for PBXNativeTarget "MorseKeyboard" */;
			buildPhases = (
				8232C9901A6285FA00D48351 /* Sources */,
				8232C9911A6285FA00D48351 /* Frameworks */,
				8232C9921A6285FA00D48351 /* Resources */,
				8232C9C91A628A3100D48351 /* Embed App Extensions */,
			);
			buildRules = (
			);
			dependencies = (
				8232C9C41A628A3100D48351 /* PBXTargetDependency */,
			);
			name = MorseKeyboard;
			productName = MorseKeyboard;
			productReference = 8232C9941A6285FA00D48351 /* MorseKeyboard.app */;
			productType = "com.apple.product-type.application";
		};
		8232C9A81A6285FA00D48351 /* MorseKeyboardTests */ = {
			isa = PBXNativeTarget;
			buildConfigurationList = 8232C9B61A6285FA00D48351 /* Build configuration list for PBXNativeTarget "MorseKeyboardTests" */;
			buildPhases = (
				8232C9A51A6285FA00D48351 /* Sources */,
				8232C9A61A6285FA00D48351 /* Frameworks */,
				8232C9A71A6285FA00D48351 /* Resources */,
			);
			buildRules = (
			);
			dependencies = (
				8232C9AB1A6285FA00D48351 /* PBXTargetDependency */,
			);
			name = MorseKeyboardTests;
			productName = MorseKeyboardTests;
			productReference = 8232C9A91A6285FA00D48351 /* MorseKeyboardTests.xctest */;
			productType = "com.apple.product-type.bundle.unit-test";
		};
		8232C9BC1A628A3000D48351 /* Keyboard */ = {
			isa = PBXNativeTarget;
			buildConfigurationList = 8232C9C61A628A3100D48351 /* Build configuration list for PBXNativeTarget "Keyboard" */;
			buildPhases = (
				8232C9B91A628A3000D48351 /* Sources */,
				8232C9BA1A628A3000D48351 /* Frameworks */,
				8232C9BB1A628A3000D48351 /* Resources */,
			);
			buildRules = (
			);
			dependencies = (
			);
			name = Keyboard;
			productName = Keyboard;
			productReference = 8232C9BD1A628A3000D48351 /* Keyboard.appex */;
			productType = "com.apple.product-type.app-extension";
		};
/* End PBXNativeTarget section */

/* Begin PBXProject section */
		8232C98C1A6285FA00D48351 /* Project object */ = {
			isa = PBXProject;
			attributes = {
				LastSwiftUpdateCheck = 0700;
				LastUpgradeCheck = 0700;
				ORGANIZATIONNAME = Mingle;
				TargetAttributes = {
					8232C9931A6285FA00D48351 = {
						CreatedOnToolsVersion = 6.1.1;
					};
					8232C9A81A6285FA00D48351 = {
						CreatedOnToolsVersion = 6.1.1;
						TestTargetID = 8232C9931A6285FA00D48351;
					};
					8232C9BC1A628A3000D48351 = {
						CreatedOnToolsVersion = 6.1.1;
					};
				};
			};
			buildConfigurationList = 8232C98F1A6285FA00D48351 /* Build configuration list for PBXProject "MorseKeyboard" */;
			compatibilityVersion = "Xcode 3.2";
			developmentRegion = English;
			hasScannedForEncodings = 0;
			knownRegions = (
				en,
				Base,
			);
			mainGroup = 8232C98B1A6285FA00D48351;
			productRefGroup = 8232C9951A6285FA00D48351 /* Products */;
			projectDirPath = "";
			projectRoot = "";
			targets = (
				8232C9931A6285FA00D48351 /* MorseKeyboard */,
				8232C9A81A6285FA00D48351 /* MorseKeyboardTests */,
				8232C9BC1A628A3000D48351 /* Keyboard */,
			);
		};
/* End PBXProject section */

/* Begin PBXResourcesBuildPhase section */
		8232C9921A6285FA00D48351 /* Resources */ = {
			isa = PBXResourcesBuildPhase;
			buildActionMask = 2147483647;
			files = (
				C0F3938E1A9EC259008B20B1 /* CharArray.plist in Resources */,
				C0F393531A9EBDC6008B20B1 /* CharToMorse.plist in Resources */,
				C0F393741A9EBDC6008B20B1 /* Morse_Code_-_l.mp3 in Resources */,
				C0F3938A1A9EBDC6008B20B1 /* Morse_Code_-_y.mp3 in Resources */,
				8232C99F1A6285FA00D48351 /* Main.storyboard in Resources */,
				C0F393781A9EBDC6008B20B1 /* Morse_Code_-_p.mp3 in Resources */,
				C0F393571A9EBDC6008B20B1 /* Morse_Code_-_1.mp3 in Resources */,
				C0F393721A9EBDC6008B20B1 /* Morse_Code_-_j.mp3 in Resources */,
				C0F393831A9EBDC6008B20B1 /* Morse_Code_-_Slash.mp3 in Resources */,
				C0F3935C1A9EBDC6008B20B1 /* Morse_Code_-_6.mp3 in Resources */,
				C0F393801A9EBDC6008B20B1 /* Morse_Code_-_r.mp3 in Resources */,
				C0F3936E1A9EBDC6008B20B1 /* Morse_Code_-_g.mp3 in Resources */,
				C0F393691A9EBDC6008B20B1 /* Morse_Code_-_Dollar_Sign.mp3 in Resources */,
				C0F393891A9EBDC6008B20B1 /* Morse_Code_-_x.mp3 in Resources */,
				C0F393771A9EBDC6008B20B1 /* Morse_Code_-_o.mp3 in Resources */,
				C0F3936A1A9EBDC6008B20B1 /* Morse_Code_-_e.mp3 in Resources */,
				C0F3935E1A9EBDC6008B20B1 /* Morse_Code_-_8.mp3 in Resources */,
				C0F3935D1A9EBDC6008B20B1 /* Morse_Code_-_7.mp3 in Resources */,
				C0F393751A9EBDC6008B20B1 /* Morse_Code_-_m.mp3 in Resources */,
				C0F393731A9EBDC6008B20B1 /* Morse_Code_-_k.mp3 in Resources */,
				C0F393711A9EBDC6008B20B1 /* Morse_Code_-_i.mp3 in Resources */,
				C0F393551A9EBDC6008B20B1 /* MorseToChar.plist in Resources */,
				C0F3937A1A9EBDC6008B20B1 /* Morse_Code_-_Parenthesis_(Open).mp3 in Resources */,
				C0F3935A1A9EBDC6008B20B1 /* Morse_Code_-_4.mp3 in Resources */,
				C0F3935B1A9EBDC6008B20B1 /* Morse_Code_-_5.mp3 in Resources */,
				C0F393871A9EBDC6008B20B1 /* Morse_Code_-_v.mp3 in Resources */,
				C0F393821A9EBDC6008B20B1 /* Morse_Code_-_Semicolon.mp3 in Resources */,
				C0F3936D1A9EBDC6008B20B1 /* Morse_Code_-_f.mp3 in Resources */,
				C0F393621A9EBDC6008B20B1 /* Morse_Code_-_Apostrope.mp3 in Resources */,
				C0F3937E1A9EBDC6008B20B1 /* Morse_Code_-_Question_Mark.mp3 in Resources */,
				C0F3936F1A9EBDC6008B20B1 /* Morse_Code_-_h.mp3 in Resources */,
				C0F3937C1A9EBDC6008B20B1 /* Morse_Code_-_Plus.mp3 in Resources */,
				C0F393971A9EED66008B20B1 /* MorseListCell.xib in Resources */,
				C0F393811A9EBDC6008B20B1 /* Morse_Code_-_s.mp3 in Resources */,
				C0F393641A9EBDC6008B20B1 /* Morse_Code_-_b.mp3 in Resources */,
				C0F393601A9EBDC6008B20B1 /* Morse_Code_-_a.mp3 in Resources */,
				C0F393651A9EBDC6008B20B1 /* Morse_Code_-_c.mp3 in Resources */,
				C0F393581A9EBDC6008B20B1 /* Morse_Code_-_2.mp3 in Resources */,
				C0F3936C1A9EBDC6008B20B1 /* Morse_Code_-_Exclamation_Point.mp3 in Resources */,
				C0F393851A9EBDC6008B20B1 /* Morse_Code_-_u.mp3 in Resources */,
				C0F393631A9EBDC6008B20B1 /* Morse_Code_-_At_(Commercial_At).mp3 in Resources */,
				8232C9A41A6285FA00D48351 /* LaunchScreen.xib in Resources */,
				C0F393561A9EBDC6008B20B1 /* Morse_Code_-_0.mp3 in Resources */,
				C0F393701A9EBDC6008B20B1 /* Morse_Code_-_Hyphen,_Minus.mp3 in Resources */,
				8232C9A11A6285FA00D48351 /* Images.xcassets in Resources */,
				C0F393881A9EBDC6008B20B1 /* Morse_Code_-_w.mp3 in Resources */,
				C0F3935F1A9EBDC6008B20B1 /* Morse_Code_-_9.mp3 in Resources */,
				C0F3937F1A9EBDC6008B20B1 /* Morse_Code_-_Quotation_Mark.mp3 in Resources */,
				C0F3938B1A9EBDC6008B20B1 /* Morse_Code_-_z.mp3 in Resources */,
				C0F3937D1A9EBDC6008B20B1 /* Morse_Code_-_q.mp3 in Resources */,
				C0F393661A9EBDC6008B20B1 /* Morse_Code_-_Colon.mp3 in Resources */,
				C0F393611A9EBDC6008B20B1 /* Morse_Code_-_Ampersand.mp3 in Resources */,
				C0F393671A9EBDC6008B20B1 /* Morse_Code_-_Comma.mp3 in Resources */,
				C0F393761A9EBDC6008B20B1 /* Morse_Code_-_n.mp3 in Resources */,
				C0F393861A9EBDC6008B20B1 /* Morse_Code_-_Underscore.mp3 in Resources */,
				C0F393681A9EBDC6008B20B1 /* Morse_Code_-_d.mp3 in Resources */,
				C0F3936B1A9EBDC6008B20B1 /* Morse_Code_-_Equals.mp3 in Resources */,
				C0F393791A9EBDC6008B20B1 /* Morse_Code_-_Parenthesis_(Close).mp3 in Resources */,
				C0F393541A9EBDC6008B20B1 /* CharToSound.plist in Resources */,
				C0F393591A9EBDC6008B20B1 /* Morse_Code_-_3.mp3 in Resources */,
				C0F3937B1A9EBDC6008B20B1 /* Morse_Code_-_Period.mp3 in Resources */,
				C0F393841A9EBDC6008B20B1 /* Morse_Code_-_t.mp3 in Resources */,
			);
			runOnlyForDeploymentPostprocessing = 0;
		};
		8232C9A71A6285FA00D48351 /* Resources */ = {
			isa = PBXResourcesBuildPhase;
			buildActionMask = 2147483647;
			files = (
			);
			runOnlyForDeploymentPostprocessing = 0;
		};
		8232C9BB1A628A3000D48351 /* Resources */ = {
			isa = PBXResourcesBuildPhase;
			buildActionMask = 2147483647;
			files = (
				C0F393901A9EC394008B20B1 /* CharToMorse.plist in Resources */,
				C0F393921A9EC398008B20B1 /* MorseToChar.plist in Resources */,
				C0F393911A9EC396008B20B1 /* CharToSound.plist in Resources */,
				C0F3938F1A9EC392008B20B1 /* CharArray.plist in Resources */,
				C0197CA51A9D9D6900762EDF /* Images.xcassets in Resources */,
			);
			runOnlyForDeploymentPostprocessing = 0;
		};
/* End PBXResourcesBuildPhase section */

/* Begin PBXSourcesBuildPhase section */
		8232C9901A6285FA00D48351 /* Sources */ = {
			isa = PBXSourcesBuildPhase;
			buildActionMask = 2147483647;
			files = (
				C0F393961A9EED66008B20B1 /* MorseListCell.swift in Sources */,
				8232C99C1A6285FA00D48351 /* ViewController.swift in Sources */,
				826691091A6EB25600C24FF8 /* MCImageExtension.swift in Sources */,
				C0EA10EA1A63AC6800087E3C /* KeyboardViewController.swift in Sources */,
				8232C99A1A6285FA00D48351 /* AppDelegate.swift in Sources */,
				82F82A2F1A714F1700F15D57 /* MCStringExtension.swift in Sources */,
				C0197CE21A9DCB4600762EDF /* MorseManager.swift in Sources */,
				C0197CDC1A9DC3B000762EDF /* MorseListViewController.swift in Sources */,
			);
			runOnlyForDeploymentPostprocessing = 0;
		};
		8232C9A51A6285FA00D48351 /* Sources */ = {
			isa = PBXSourcesBuildPhase;
			buildActionMask = 2147483647;
			files = (
				8232C9B01A6285FA00D48351 /* MorseKeyboardTests.swift in Sources */,
			);
			runOnlyForDeploymentPostprocessing = 0;
		};
		8232C9B91A628A3000D48351 /* Sources */ = {
			isa = PBXSourcesBuildPhase;
			buildActionMask = 2147483647;
			files = (
				8266910A1A6EB25600C24FF8 /* MCImageExtension.swift in Sources */,
				82F82A301A714F1700F15D57 /* MCStringExtension.swift in Sources */,
				C0F3938C1A9EC1E9008B20B1 /* MorseManager.swift in Sources */,
				8232C9C21A628A3100D48351 /* KeyboardViewController.swift in Sources */,
			);
			runOnlyForDeploymentPostprocessing = 0;
		};
/* End PBXSourcesBuildPhase section */

/* Begin PBXTargetDependency section */
		8232C9AB1A6285FA00D48351 /* PBXTargetDependency */ = {
			isa = PBXTargetDependency;
			target = 8232C9931A6285FA00D48351 /* MorseKeyboard */;
			targetProxy = 8232C9AA1A6285FA00D48351 /* PBXContainerItemProxy */;
		};
		8232C9C41A628A3100D48351 /* PBXTargetDependency */ = {
			isa = PBXTargetDependency;
			target = 8232C9BC1A628A3000D48351 /* Keyboard */;
			targetProxy = 8232C9C31A628A3100D48351 /* PBXContainerItemProxy */;
		};
/* End PBXTargetDependency section */

/* Begin PBXVariantGroup section */
		8232C99D1A6285FA00D48351 /* Main.storyboard */ = {
			isa = PBXVariantGroup;
			children = (
				8232C99E1A6285FA00D48351 /* Base */,
			);
			name = Main.storyboard;
			sourceTree = "<group>";
		};
		8232C9A21A6285FA00D48351 /* LaunchScreen.xib */ = {
			isa = PBXVariantGroup;
			children = (
				8232C9A31A6285FA00D48351 /* Base */,
			);
			name = LaunchScreen.xib;
			sourceTree = "<group>";
		};
/* End PBXVariantGroup section */

/* Begin XCBuildConfiguration section */
		8232C9B11A6285FA00D48351 /* Debug */ = {
			isa = XCBuildConfiguration;
			buildSettings = {
				ALWAYS_SEARCH_USER_PATHS = NO;
				CLANG_CXX_LANGUAGE_STANDARD = "gnu++0x";
				CLANG_CXX_LIBRARY = "libc++";
				CLANG_ENABLE_MODULES = YES;
				CLANG_ENABLE_OBJC_ARC = YES;
				CLANG_WARN_BOOL_CONVERSION = YES;
				CLANG_WARN_CONSTANT_CONVERSION = YES;
				CLANG_WARN_DIRECT_OBJC_ISA_USAGE = YES_ERROR;
				CLANG_WARN_EMPTY_BODY = YES;
				CLANG_WARN_ENUM_CONVERSION = YES;
				CLANG_WARN_INT_CONVERSION = YES;
				CLANG_WARN_OBJC_ROOT_CLASS = YES_ERROR;
				CLANG_WARN_UNREACHABLE_CODE = YES;
				CLANG_WARN__DUPLICATE_METHOD_MATCH = YES;
				CODE_SIGN_IDENTITY = "iPhone Developer: Junwei Chang (FNG8894989)";
				"CODE_SIGN_IDENTITY[sdk=iphoneos*]" = "iPhone Developer: Junwei Chang (FNG8894989)";
				COPY_PHASE_STRIP = NO;
				ENABLE_STRICT_OBJC_MSGSEND = YES;
				ENABLE_TESTABILITY = YES;
				GCC_C_LANGUAGE_STANDARD = gnu99;
				GCC_DYNAMIC_NO_PIC = NO;
				GCC_OPTIMIZATION_LEVEL = 0;
				GCC_PREPROCESSOR_DEFINITIONS = (
					"DEBUG=1",
					"$(inherited)",
				);
				GCC_SYMBOLS_PRIVATE_EXTERN = NO;
				GCC_WARN_64_TO_32_BIT_CONVERSION = YES;
				GCC_WARN_ABOUT_RETURN_TYPE = YES_ERROR;
				GCC_WARN_UNDECLARED_SELECTOR = YES;
				GCC_WARN_UNINITIALIZED_AUTOS = YES_AGGRESSIVE;
				GCC_WARN_UNUSED_FUNCTION = YES;
				GCC_WARN_UNUSED_VARIABLE = YES;
				IPHONEOS_DEPLOYMENT_TARGET = 8.1;
				MTL_ENABLE_DEBUG_INFO = YES;
				ONLY_ACTIVE_ARCH = YES;
				SDKROOT = iphoneos;
				SWIFT_OPTIMIZATION_LEVEL = "-Onone";
				TARGETED_DEVICE_FAMILY = "1,2";
			};
			name = Debug;
		};
		8232C9B21A6285FA00D48351 /* Release */ = {
			isa = XCBuildConfiguration;
			buildSettings = {
				ALWAYS_SEARCH_USER_PATHS = NO;
				CLANG_CXX_LANGUAGE_STANDARD = "gnu++0x";
				CLANG_CXX_LIBRARY = "libc++";
				CLANG_ENABLE_MODULES = YES;
				CLANG_ENABLE_OBJC_ARC = YES;
				CLANG_WARN_BOOL_CONVERSION = YES;
				CLANG_WARN_CONSTANT_CONVERSION = YES;
				CLANG_WARN_DIRECT_OBJC_ISA_USAGE = YES_ERROR;
				CLANG_WARN_EMPTY_BODY = YES;
				CLANG_WARN_ENUM_CONVERSION = YES;
				CLANG_WARN_INT_CONVERSION = YES;
				CLANG_WARN_OBJC_ROOT_CLASS = YES_ERROR;
				CLANG_WARN_UNREACHABLE_CODE = YES;
				CLANG_WARN__DUPLICATE_METHOD_MATCH = YES;
				CODE_SIGN_IDENTITY = "iPhone Distribution: Junwei Chang (USZ9R7RQAA)";
				"CODE_SIGN_IDENTITY[sdk=iphoneos*]" = "iPhone Distribution: Junwei Chang (USZ9R7RQAA)";
				COPY_PHASE_STRIP = YES;
				ENABLE_NS_ASSERTIONS = NO;
				ENABLE_STRICT_OBJC_MSGSEND = YES;
				GCC_C_LANGUAGE_STANDARD = gnu99;
				GCC_WARN_64_TO_32_BIT_CONVERSION = YES;
				GCC_WARN_ABOUT_RETURN_TYPE = YES_ERROR;
				GCC_WARN_UNDECLARED_SELECTOR = YES;
				GCC_WARN_UNINITIALIZED_AUTOS = YES_AGGRESSIVE;
				GCC_WARN_UNUSED_FUNCTION = YES;
				GCC_WARN_UNUSED_VARIABLE = YES;
				IPHONEOS_DEPLOYMENT_TARGET = 8.1;
				MTL_ENABLE_DEBUG_INFO = NO;
				SDKROOT = iphoneos;
				TARGETED_DEVICE_FAMILY = "1,2";
				VALIDATE_PRODUCT = YES;
			};
			name = Release;
		};
		8232C9B41A6285FA00D48351 /* Debug */ = {
			isa = XCBuildConfiguration;
			buildSettings = {
				ASSETCATALOG_COMPILER_APPICON_NAME = AppIcon;
				EMBEDDED_CONTENT_CONTAINS_SWIFT = YES;
				INFOPLIST_FILE = MorseKeyboard/Info.plist;
				IPHONEOS_DEPLOYMENT_TARGET = 8.0;
				LD_RUNPATH_SEARCH_PATHS = "$(inherited) @executable_path/Frameworks";
				PRODUCT_BUNDLE_IDENTIFIER = "Mingle.$(PRODUCT_NAME:rfc1034identifier)";
				PRODUCT_NAME = "$(TARGET_NAME)";
				TARGETED_DEVICE_FAMILY = 1;
			};
			name = Debug;
		};
		8232C9B51A6285FA00D48351 /* Release */ = {
			isa = XCBuildConfiguration;
			buildSettings = {
				ASSETCATALOG_COMPILER_APPICON_NAME = AppIcon;
				EMBEDDED_CONTENT_CONTAINS_SWIFT = YES;
				INFOPLIST_FILE = MorseKeyboard/Info.plist;
				IPHONEOS_DEPLOYMENT_TARGET = 8.0;
				LD_RUNPATH_SEARCH_PATHS = "$(inherited) @executable_path/Frameworks";
				PRODUCT_BUNDLE_IDENTIFIER = "Mingle.$(PRODUCT_NAME:rfc1034identifier)";
				PRODUCT_NAME = "$(TARGET_NAME)";
				TARGETED_DEVICE_FAMILY = 1;
			};
			name = Release;
		};
		8232C9B71A6285FA00D48351 /* Debug */ = {
			isa = XCBuildConfiguration;
			buildSettings = {
				BUNDLE_LOADER = "$(TEST_HOST)";
				FRAMEWORK_SEARCH_PATHS = (
					"$(SDKROOT)/Developer/Library/Frameworks",
					"$(inherited)",
				);
				GCC_PREPROCESSOR_DEFINITIONS = (
					"DEBUG=1",
					"$(inherited)",
				);
				INFOPLIST_FILE = MorseKeyboardTests/Info.plist;
				LD_RUNPATH_SEARCH_PATHS = "$(inherited) @executable_path/Frameworks @loader_path/Frameworks";
				PRODUCT_BUNDLE_IDENTIFIER = "Mingle.$(PRODUCT_NAME:rfc1034identifier)";
				PRODUCT_NAME = "$(TARGET_NAME)";
				TEST_HOST = "$(BUILT_PRODUCTS_DIR)/MorseKeyboard.app/MorseKeyboard";
			};
			name = Debug;
		};
		8232C9B81A6285FA00D48351 /* Release */ = {
			isa = XCBuildConfiguration;
			buildSettings = {
				BUNDLE_LOADER = "$(TEST_HOST)";
				FRAMEWORK_SEARCH_PATHS = (
					"$(SDKROOT)/Developer/Library/Frameworks",
					"$(inherited)",
				);
				INFOPLIST_FILE = MorseKeyboardTests/Info.plist;
				LD_RUNPATH_SEARCH_PATHS = "$(inherited) @executable_path/Frameworks @loader_path/Frameworks";
				PRODUCT_BUNDLE_IDENTIFIER = "Mingle.$(PRODUCT_NAME:rfc1034identifier)";
				PRODUCT_NAME = "$(TARGET_NAME)";
				TEST_HOST = "$(BUILT_PRODUCTS_DIR)/MorseKeyboard.app/MorseKeyboard";
			};
			name = Release;
		};
		8232C9C71A628A3100D48351 /* Debug */ = {
			isa = XCBuildConfiguration;
			buildSettings = {
				GCC_PREPROCESSOR_DEFINITIONS = (
					"DEBUG=1",
					"$(inherited)",
				);
				INFOPLIST_FILE = Keyboard/Info.plist;
				IPHONEOS_DEPLOYMENT_TARGET = 8.0;
				LD_RUNPATH_SEARCH_PATHS = "$(inherited) @executable_path/Frameworks @executable_path/../../Frameworks";
				PRODUCT_BUNDLE_IDENTIFIER = "Mingle.MorseKeyboard.$(PRODUCT_NAME:rfc1034identifier)";
				PRODUCT_NAME = "$(TARGET_NAME)";
				SKIP_INSTALL = YES;
				TARGETED_DEVICE_FAMILY = 1;
			};
			name = Debug;
		};
		8232C9C81A628A3100D48351 /* Release */ = {
			isa = XCBuildConfiguration;
			buildSettings = {
				INFOPLIST_FILE = Keyboard/Info.plist;
				IPHONEOS_DEPLOYMENT_TARGET = 8.0;
				LD_RUNPATH_SEARCH_PATHS = "$(inherited) @executable_path/Frameworks @executable_path/../../Frameworks";
				PRODUCT_BUNDLE_IDENTIFIER = "Mingle.MorseKeyboard.$(PRODUCT_NAME:rfc1034identifier)";
				PRODUCT_NAME = "$(TARGET_NAME)";
				SKIP_INSTALL = YES;
				TARGETED_DEVICE_FAMILY = 1;
			};
			name = Release;
		};
/* End XCBuildConfiguration section */

/* Begin XCConfigurationList section */
		8232C98F1A6285FA00D48351 /* Build configuration list for PBXProject "MorseKeyboard" */ = {
			isa = XCConfigurationList;
			buildConfigurations = (
				8232C9B11A6285FA00D48351 /* Debug */,
				8232C9B21A6285FA00D48351 /* Release */,
			);
			defaultConfigurationIsVisible = 0;
			defaultConfigurationName = Release;
		};
		8232C9B31A6285FA00D48351 /* Build configuration list for PBXNativeTarget "MorseKeyboard" */ = {
			isa = XCConfigurationList;
			buildConfigurations = (
				8232C9B41A6285FA00D48351 /* Debug */,
				8232C9B51A6285FA00D48351 /* Release */,
			);
			defaultConfigurationIsVisible = 0;
			defaultConfigurationName = Release;
		};
		8232C9B61A6285FA00D48351 /* Build configuration list for PBXNativeTarget "MorseKeyboardTests" */ = {
			isa = XCConfigurationList;
			buildConfigurations = (
				8232C9B71A6285FA00D48351 /* Debug */,
				8232C9B81A6285FA00D48351 /* Release */,
			);
			defaultConfigurationIsVisible = 0;
			defaultConfigurationName = Release;
		};
		8232C9C61A628A3100D48351 /* Build configuration list for PBXNativeTarget "Keyboard" */ = {
			isa = XCConfigurationList;
			buildConfigurations = (
				8232C9C71A628A3100D48351 /* Debug */,
				8232C9C81A628A3100D48351 /* Release */,
			);
			defaultConfigurationIsVisible = 0;
			defaultConfigurationName = Release;
		};
/* End XCConfigurationList section */
	};
	rootObject = 8232C98C1A6285FA00D48351 /* Project object */;
}
